Microsoft Visual Studio Solution File, Format Version 12.00
# Visual Studio Version 17
VisualStudioVersion = 17.5.2.0
MinimumVisualStudioVersion = 10.0.40219.1
Project("{FAE04EC0-301F-11D3-BF4B-00C04F79EFBC}") = "TinyHouseRezervasyon", "TinyHouseRezervasyon.csproj", "{365FC01E-A603-C012-E627-B9B116C17051}"
EndProject
Global
	GlobalSection(SolutionConfigurationPlatforms) = preSolution
		Debug|Any CPU = Debug|Any CPU
		Release|Any CPU = Release|Any CPU
	EndGlobalSection
	GlobalSection(ProjectConfigurationPlatforms) = postSolution
		{365FC01E-A603-C012-E627-B9B116C17051}.Debug|Any CPU.ActiveCfg = Debug|Any CPU
		{365FC01E-A603-C012-E627-B9B116C17051}.Debug|Any CPU.Build.0 = Debug|Any CPU
		{365FC01E-A603-C012-E627-B9B116C17051}.Release|Any CPU.ActiveCfg = Release|Any CPU
		{365FC01E-A603-C012-E627-B9B116C17051}.Release|Any CPU.Build.0 = Release|Any CPU
	EndGlobalSection
	GlobalSection(SolutionProperties) = preSolution
		HideSolutionNode = FALSE
	EndGlobalSection
	GlobalSection(ExtensibilityGlobals) = postSolution
		SolutionGuid = {C6EF807C-BB5C-4062-9AA5-636597A3A910}
	EndGlobalSection
EndGlobal
